
Microsoft Visual Studio Solution File, Format Version 12.00
Project("{FAE04EC0-301F-11D3-BF4B-00C04F79EFBC}") = "ReDI", "ReDI\ReDI.csproj", "{AB03C7DF-E279-4288-88EC-7ABEC50A485F}"
EndProject
Project("{FAE04EC0-301F-11D3-BF4B-00C04F79EFBC}") = "ReDI.Tests", "ReDI.Tests\ReDI.Tests.csproj", "{29588763-3C55-459B-B818-C01660ED2898}"
EndProject
Global
	GlobalSection(SolutionConfigurationPlatforms) = preSolution
		Debug|Any CPU = Debug|Any CPU
		Release|Any CPU = Release|Any CPU
	EndGlobalSection
	GlobalSection(ProjectConfigurationPlatforms) = postSolution
		{AB03C7DF-E279-4288-88EC-7ABEC50A485F}.Debug|Any CPU.ActiveCfg = Debug|Any CPU
		{AB03C7DF-E279-4288-88EC-7ABEC50A485F}.Debug|Any CPU.Build.0 = Debug|Any CPU
		{AB03C7DF-E279-4288-88EC-7ABEC50A485F}.Release|Any CPU.ActiveCfg = Release|Any CPU
		{AB03C7DF-E279-4288-88EC-7ABEC50A485F}.Release|Any CPU.Build.0 = Release|Any CPU
		{29588763-3C55-459B-B818-C01660ED2898}.Debug|Any CPU.ActiveCfg = Debug|Any CPU
		{29588763-3C55-459B-B818-C01660ED2898}.Debug|Any CPU.Build.0 = Debug|Any CPU
		{29588763-3C55-459B-B818-C01660ED2898}.Release|Any CPU.ActiveCfg = Release|Any CPU
		{29588763-3C55-459B-B818-C01660ED2898}.Release|Any CPU.Build.0 = Release|Any CPU
	EndGlobalSection
EndGlobal
